
Microsoft Visual Studio Solution File, Format Version 12.00
# Visual Studio Version 17
VisualStudioVersion = 17.4.33213.308
MinimumVisualStudioVersion = 10.0.40219.1
Project("{FAE04EC0-301F-11D3-BF4B-00C04F79EFBC}") = "FBCache", "FBCache\FBCache.csproj", "{28BCDBFD-C606-4C51-9C06-1B30D78BF6ED}"
EndProject
Project("{FAE04EC0-301F-11D3-BF4B-00C04F79EFBC}") = "FBCacheTests", "FBCacheTests\FBCacheTests.csproj", "{077F52B6-BFE9-47FE-AE92-E50BF02DF5AF}"
EndProject
Global
	GlobalSection(SolutionConfigurationPlatforms) = preSolution
		Debug|Any CPU = Debug|Any CPU
		Release|Any CPU = Release|Any CPU
	EndGlobalSection
	GlobalSection(ProjectConfigurationPlatforms) = postSolution
		{28BCDBFD-C606-4C51-9C06-1B30D78BF6ED}.Debug|Any CPU.ActiveCfg = Debug|Any CPU
		{28BCDBFD-C606-4C51-9C06-1B30D78BF6ED}.Debug|Any CPU.Build.0 = Debug|Any CPU
		{28BCDBFD-C606-4C51-9C06-1B30D78BF6ED}.Release|Any CPU.ActiveCfg = Release|Any CPU
		{28BCDBFD-C606-4C51-9C06-1B30D78BF6ED}.Release|Any CPU.Build.0 = Release|Any CPU
		{077F52B6-BFE9-47FE-AE92-E50BF02DF5AF}.Debug|Any CPU.ActiveCfg = Debug|Any CPU
		{077F52B6-BFE9-47FE-AE92-E50BF02DF5AF}.Debug|Any CPU.Build.0 = Debug|Any CPU
		{077F52B6-BFE9-47FE-AE92-E50BF02DF5AF}.Release|Any CPU.ActiveCfg = Release|Any CPU
		{077F52B6-BFE9-47FE-AE92-E50BF02DF5AF}.Release|Any CPU.Build.0 = Release|Any CPU
	EndGlobalSection
	GlobalSection(SolutionProperties) = preSolution
		HideSolutionNode = FALSE
	EndGlobalSection
	GlobalSection(ExtensibilityGlobals) = postSolution
		SolutionGuid = {69C78D90-A698-48A6-A4B4-50484C4699E0}
	EndGlobalSection
EndGlobal
